
Microsoft Visual Studio Solution File, Format Version 12.00
# Visual Studio Version 17
VisualStudioVersion = 17.0.32112.339
MinimumVisualStudioVersion = 10.0.40219.1
Project("{9A19103F-16F7-4668-BE54-9A1E7A4F7556}") = "PokéCoin", "PokéCoin.csproj", "{7EFD7FC1-0920-4844-A887-46A43360B700}"
EndProject
Project("{9A19103F-16F7-4668-BE54-9A1E7A4F7556}") = "PokeApiNet", "..\..\..\..\Downloads\PokeApiNet-master\PokeApiNet-master\PokeApiNet\PokeApiNet.csproj", "{3F7F7F33-8D4C-4C3A-B64A-E769318CF661}"
EndProject
Global
	GlobalSection(SolutionConfigurationPlatforms) = preSolution
		Debug|Any CPU = Debug|Any CPU
		Release|Any CPU = Release|Any CPU
	EndGlobalSection
	GlobalSection(ProjectConfigurationPlatforms) = postSolution
		{7EFD7FC1-0920-4844-A887-46A43360B700}.Debug|Any CPU.ActiveCfg = Debug|Any CPU
		{7EFD7FC1-0920-4844-A887-46A43360B700}.Debug|Any CPU.Build.0 = Debug|Any CPU
		{7EFD7FC1-0920-4844-A887-46A43360B700}.Release|Any CPU.ActiveCfg = Release|Any CPU
		{7EFD7FC1-0920-4844-A887-46A43360B700}.Release|Any CPU.Build.0 = Release|Any CPU
		{3F7F7F33-8D4C-4C3A-B64A-E769318CF661}.Debug|Any CPU.ActiveCfg = Debug|Any CPU
		{3F7F7F33-8D4C-4C3A-B64A-E769318CF661}.Debug|Any CPU.Build.0 = Debug|Any CPU
		{3F7F7F33-8D4C-4C3A-B64A-E769318CF661}.Release|Any CPU.ActiveCfg = Release|Any CPU
		{3F7F7F33-8D4C-4C3A-B64A-E769318CF661}.Release|Any CPU.Build.0 = Release|Any CPU
	EndGlobalSection
	GlobalSection(SolutionProperties) = preSolution
		HideSolutionNode = FALSE
	EndGlobalSection
	GlobalSection(ExtensibilityGlobals) = postSolution
		SolutionGuid = {C88AB2A8-A677-4B52-9750-0E82A6214888}
	EndGlobalSection
EndGlobal
